// !$*UTF8*$!
{
	archiveVersion = 1;
	classes = {
	};
	objectVersion = 48;
	objects = {

/* Begin PBXBuildFile section */
		2A77B6631F771555005E4596 /* me.png in Resources */ = {isa = PBXBuildFile; fileRef = 2A77B6621F771555005E4596 /* me.png */; };
		2A996A351F76E2C9004E63C0 /* AppDelegate.swift in Sources */ = {isa = PBXBuildFile; fileRef = 2A996A341F76E2C9004E63C0 /* AppDelegate.swift */; };
		2A996A371F76E2C9004E63C0 /* ViewController.swift in Sources */ = {isa = PBXBuildFile; fileRef = 2A996A361F76E2C9004E63C0 /* ViewController.swift */; };
		2A996A3A1F76E2C9004E63C0 /* Main.storyboard in Resources */ = {isa = PBXBuildFile; fileRef = 2A996A381F76E2C9004E63C0 /* Main.storyboard */; };
		2A996A3C1F76E2C9004E63C0 /* Assets.xcassets in Resources */ = {isa = PBXBuildFile; fileRef = 2A996A3B1F76E2C9004E63C0 /* Assets.xcassets */; };
		2A996A3F1F76E2C9004E63C0 /* LaunchScreen.storyboard in Resources */ = {isa = PBXBuildFile; fileRef = 2A996A3D1F76E2C9004E63C0 /* LaunchScreen.storyboard */; };
		2A996AA51F770F5E004E63C0 /* cat.png in Resources */ = {isa = PBXBuildFile; fileRef = 2A996AA41F770F5E004E63C0 /* cat.png */; };
/* End PBXBuildFile section */

/* Begin PBXFileReference section */
		2A77B6621F771555005E4596 /* me.png */ = {isa = PBXFileReference; lastKnownFileType = image.png; path = me.png; sourceTree = "<group>"; };
		2A996A311F76E2C9004E63C0 /* ProfileScrolView.app */ = {isa = PBXFileReference; explicitFileType = wrapper.application; includeInIndex = 0; path = ProfileScrolView.app; sourceTree = BUILT_PRODUCTS_DIR; };
		2A996A341F76E2C9004E63C0 /* AppDelegate.swift */ = {isa = PBXFileReference; lastKnownFileType = sourcecode.swift; path = AppDelegate.swift; sourceTree = "<group>"; };
		2A996A361F76E2C9004E63C0 /* ViewController.swift */ = {isa = PBXFileReference; lastKnownFileType = sourcecode.swift; path = ViewController.swift; sourceTree = "<group>"; };
		2A996A391F76E2C9004E63C0 /* Base */ = {isa = PBXFileReference; lastKnownFileType = file.storyboard; name = Base; path = Base.lproj/Main.storyboard; sourceTree = "<group>"; };
		2A996A3B1F76E2C9004E63C0 /* Assets.xcassets */ = {isa = PBXFileReference; lastKnownFileType = folder.assetcatalog; path = Assets.xcassets; sourceTree = "<group>"; };
		2A996A3E1F76E2C9004E63C0 /* Base */ = {isa = PBXFileReference; lastKnownFileType = file.storyboard; name = Base; path = Base.lproj/LaunchScreen.storyboard; sourceTree = "<group>"; };
		2A996A401F76E2C9004E63C0 /* Info.plist */ = {isa = PBXFileReference; lastKnownFileType = text.plist.xml; path = Info.plist; sourceTree = "<group>"; };
		2A996AA41F770F5E004E63C0 /* cat.png */ = {isa = PBXFileReference; lastKnownFileType = image.png; path = cat.png; sourceTree = "<group>"; };
/* End PBXFileReference section */

/* Begin PBXFrameworksBuildPhase section */
		2A996A2E1F76E2C9004E63C0 /* Frameworks */ = {
			isa = PBXFrameworksBuildPhase;
			buildActionMask = 2147483647;
			files = (
			);
			runOnlyForDeploymentPostprocessing = 0;
		};
/* End PBXFrameworksBuildPhase section */

/* Begin PBXGroup section */
		2A996A281F76E2C9004E63C0 = {
			isa = PBXGroup;
			children = (
				2A996A331F76E2C9004E63C0 /* ProfileScrolView */,
				2A996A321F76E2C9004E63C0 /* Products */,
			);
			sourceTree = "<group>";
		};
		2A996A321F76E2C9004E63C0 /* Products */ = {
			isa = PBXGroup;
			children = (
				2A996A311F76E2C9004E63C0 /* ProfileScrolView.app */,
			);
			name = Products;
			sourceTree = "<group>";
		};
		2A996A331F76E2C9004E63C0 /* ProfileScrolView */ = {
			isa = PBXGroup;
			children = (
				2A77B6621F771555005E4596 /* me.png */,
				2A996AA41F770F5E004E63C0 /* cat.png */,
				2A996A341F76E2C9004E63C0 /* AppDelegate.swift */,
				2A996A361F76E2C9004E63C0 /* ViewController.swift */,
				2A996A381F76E2C9004E63C0 /* Main.storyboard */,
				2A996A3B1F76E2C9004E63C0 /* Assets.xcassets */,
				2A996A3D1F76E2C9004E63C0 /* LaunchScreen.storyboard */,
				2A996A401F76E2C9004E63C0 /* Info.plist */,
			);
			path = ProfileScrolView;
			sourceTree = "<group>";
		};
/* End PBXGroup section */

/* Begin PBXNativeTarget section */
		2A996A301F76E2C9004E63C0 /* ProfileScrolView */ = {
			isa = PBXNativeTarget;
			buildConfigurationList = 2A996A431F76E2C9004E63C0 /* Build configuration list for PBXNativeTarget "ProfileScrolView" */;
			buildPhases = (
				2A996A2D1F76E2C9004E63C0 /* Sources */,
				2A996A2E1F76E2C9004E63C0 /* Frameworks */,
				2A996A2F1F76E2C9004E63C0 /* Resources */,
			);
			buildRules = (
			);
			dependencies = (
			);
			name = ProfileScrolView;
			productName = ProfileScrolView;
			productReference = 2A996A311F76E2C9004E63C0 /* ProfileScrolView.app */;
			productType = "com.apple.product-type.application";
		};
/* End PBXNativeTarget section */

/* Begin PBXProject section */
		2A996A291F76E2C9004E63C0 /* Project object */ = {
			isa = PBXProject;
			attributes = {
				LastSwiftUpdateCheck = 0900;
				LastUpgradeCheck = 0900;
				ORGANIZATIONNAME = Mehul;
				TargetAttributes = {
					2A996A301F76E2C9004E63C0 = {
						CreatedOnToolsVersion = 9.0;
						ProvisioningStyle = Automatic;
					};
				};
			};
			buildConfigurationList = 2A996A2C1F76E2C9004E63C0 /* Build configuration list for PBXProject "ProfileScrolView" */;
			compatibilityVersion = "Xcode 8.0";
			developmentRegion = en;
			hasScannedForEncodings = 0;
			knownRegions = (
				en,
				Base,
			);
			mainGroup = 2A996A281F76E2C9004E63C0;
			productRefGroup = 2A996A321F76E2C9004E63C0 /* Products */;
			projectDirPath = "";
			projectRoot = "";
			targets = (
				2A996A301F76E2C9004E63C0 /* ProfileScrolView */,
			);
		};
/* End PBXProject section */

/* Begin PBXResourcesBuildPhase section */
		2A996A2F1F76E2C9004E63C0 /* Resources */ = {
			isa = PBXResourcesBuildPhase;
			buildActionMask = 2147483647;
			files = (
				2A77B6631F771555005E4596 /* me.png in Resources */,
				2A996A3F1F76E2C9004E63C0 /* LaunchScreen.storyboard in Resources */,
				2A996A3C1F76E2C9004E63C0 /* Assets.xcassets in Resources */,
				2A996AA51F770F5E004E63C0 /* cat.png in Resources */,
				2A996A3A1F76E2C9004E63C0 /* Main.storyboard in Resources */,
			);
			runOnlyForDeploymentPostprocessing = 0;
		};
/* End PBXResourcesBuildPhase section */

/* Begin PBXSourcesBuildPhase section */
		2A996A2D1F76E2C9004E63C0 /* Sources */ = {
			isa = PBXSourcesBuildPhase;
			buildActionMask = 2147483647;
			files = (
				2A996A371F76E2C9004E63C0 /* ViewController.swift in Sources */,
				2A996A351F76E2C9004E63C0 /* AppDelegate.swift in Sources */,
			);
			runOnlyForDeploymentPostprocessing = 0;
		};
/* End PBXSourcesBuildPhase section */

/* Begin PBXVariantGroup section */
		2A996A381F76E2C9004E63C0 /* Main.storyboard */ = {
			isa = PBXVariantGroup;
			children = (
				2A996A391F76E2C9004E63C0 /* Base */,
			);
			name = Main.storyboard;
			sourceTree = "<group>";
		};
		2A996A3D1F76E2C9004E63C0 /* LaunchScreen.storyboard */ = {
			isa = PBXVariantGroup;
			children = (
				2A996A3E1F76E2C9004E63C0 /* Base */,
			);
			name = LaunchScreen.storyboard;
			sourceTree = "<group>";
		};
/* End PBXVariantGroup section */

/* Begin XCBuildConfiguration section */
		2A996A411F76E2C9004E63C0 /* Debug */ = {
			isa = XCBuildConfiguration;
			buildSettings = {
				ALWAYS_SEARCH_USER_PATHS = NO;
				CLANG_ANALYZER_NONNULL = YES;
				CLANG_ANALYZER_NUMBER_OBJECT_CONVERSION = YES_AGGRESSIVE;
				CLANG_CXX_LANGUAGE_STANDARD = "gnu++14";
				CLANG_CXX_LIBRARY = "libc++";
				CLANG_ENABLE_MODULES = YES;
				CLANG_ENABLE_OBJC_ARC = YES;
				CLANG_WARN_BLOCK_CAPTURE_AUTORELEASING = YES;
				CLANG_WARN_BOOL_CONVERSION = YES;
				CLANG_WARN_COMMA = YES;
				CLANG_WARN_CONSTANT_CONVERSION = YES;
				CLANG_WARN_DIRECT_OBJC_ISA_USAGE = YES_ERROR;
				CLANG_WARN_DOCUMENTATION_COMMENTS = YES;
				CLANG_WARN_EMPTY_BODY = YES;
				CLANG_WARN_ENUM_CONVERSION = YES;
				CLANG_WARN_INFINITE_RECURSION = YES;
				CLANG_WARN_INT_CONVERSION = YES;
				CLANG_WARN_NON_LITERAL_NULL_CONVERSION = YES;
				CLANG_WARN_OBJC_LITERAL_CONVERSION = YES;
				CLANG_WARN_OBJC_ROOT_CLASS = YES_ERROR;
				CLANG_WARN_RANGE_LOOP_ANALYSIS = YES;
				CLANG_WARN_STRICT_PROTOTYPES = YES;
				CLANG_WARN_SUSPICIOUS_MOVE = YES;
				CLANG_WARN_UNGUARDED_AVAILABILITY = YES_AGGRESSIVE;
				CLANG_WARN_UNREACHABLE_CODE = YES;
				CLANG_WARN__DUPLICATE_METHOD_MATCH = YES;
				CODE_SIGN_IDENTITY = "iPhone Developer";
				COPY_PHASE_STRIP = NO;
				DEBUG_INFORMATION_FORMAT = dwarf;
				ENABLE_STRICT_OBJC_MSGSEND = YES;
				ENABLE_TESTABILITY = YES;
				GCC_C_LANGUAGE_STANDARD = gnu11;
				GCC_DYNAMIC_NO_PIC = NO;
				GCC_NO_COMMON_BLOCKS = YES;
				GCC_OPTIMIZATION_LEVEL = 0;
				GCC_PREPROCESSOR_DEFINITIONS = (
					"DEBUG=1",
					"$(inherited)",
				);
				GCC_WARN_64_TO_32_BIT_CONVERSION = YES;
				GCC_WARN_ABOUT_RETURN_TYPE = YES_ERROR;
				GCC_WARN_UNDECLARED_SELECTOR = YES;
				GCC_WARN_UNINITIALIZED_AUTOS = YES_AGGRESSIVE;
				GCC_WARN_UNUSED_FUNCTION = YES;
				GCC_WARN_UNUSED_VARIABLE = YES;
				IPHONEOS_DEPLOYMENT_TARGET = 11.0;
				MTL_ENABLE_DEBUG_INFO = YES;
				ONLY_ACTIVE_ARCH = YES;
				SDKROOT = iphoneos;
				SWIFT_ACTIVE_COMPILATION_CONDITIONS = DEBUG;
				SWIFT_OPTIMIZATION_LEVEL = "-Onone";
			};
			name = Debug;
		};
		2A996A421F76E2C9004E63C0 /* Release */ = {
			isa = XCBuildConfiguration;
			buildSettings = {
				ALWAYS_SEARCH_USER_PATHS = NO;
				CLANG_ANALYZER_NONNULL = YES;
				CLANG_ANALYZER_NUMBER_OBJECT_CONVERSION = YES_AGGRESSIVE;
				CLANG_CXX_LANGUAGE_STANDARD = "gnu++14";
				CLANG_CXX_LIBRARY = "libc++";
				CLANG_ENABLE_MODULES = YES;
				CLANG_ENABLE_OBJC_ARC = YES;
				CLANG_WARN_BLOCK_CAPTURE_AUTORELEASING = YES;
				CLANG_WARN_BOOL_CONVERSION = YES;
				CLANG_WARN_COMMA = YES;
				CLANG_WARN_CONSTANT_CONVERSION = YES;
				CLANG_WARN_DIRECT_OBJC_ISA_USAGE = YES_ERROR;
				CLANG_WARN_DOCUMENTATION_COMMENTS = YES;
				CLANG_WARN_EMPTY_BODY = YES;
				CLANG_WARN_ENUM_CONVERSION = YES;
				CLANG_WARN_INFINITE_RECURSION = YES;
				CLANG_WARN_INT_CONVERSION = YES;
				CLANG_WARN_NON_LITERAL_NULL_CONVERSION = YES;
				CLANG_WARN_OBJC_LITERAL_CONVERSION = YES;
				CLANG_WARN_OBJC_ROOT_CLASS = YES_ERROR;
				CLANG_WARN_RANGE_LOOP_ANALYSIS = YES;
				CLANG_WARN_STRICT_PROTOTYPES = YES;
				CLANG_WARN_SUSPICIOUS_MOVE = YES;
				CLANG_WARN_UNGUARDED_AVAILABILITY = YES_AGGRESSIVE;
				CLANG_WARN_UNREACHABLE_CODE = YES;
				CLANG_WARN__DUPLICATE_METHOD_MATCH = YES;
				CODE_SIGN_IDENTITY = "iPhone Developer";
				COPY_PHASE_STRIP = NO;
				DEBUG_INFORMATION_FORMAT = "dwarf-with-dsym";
				ENABLE_NS_ASSERTIONS = NO;
				ENABLE_STRICT_OBJC_MSGSEND = YES;
				GCC_C_LANGUAGE_STANDARD = gnu11;
				GCC_NO_COMMON_BLOCKS = YES;
				GCC_WARN_64_TO_32_BIT_CONVERSION = YES;
				GCC_WARN_ABOUT_RETURN_TYPE = YES_ERROR;
				GCC_WARN_UNDECLARED_SELECTOR = YES;
				GCC_WARN_UNINITIALIZED_AUTOS = YES_AGGRESSIVE;
				GCC_WARN_UNUSED_FUNCTION = YES;
				GCC_WARN_UNUSED_VARIABLE = YES;
				IPHONEOS_DEPLOYMENT_TARGET = 11.0;
				MTL_ENABLE_DEBUG_INFO = NO;
				SDKROOT = iphoneos;
				SWIFT_OPTIMIZATION_LEVEL = "-Owholemodule";
				VALIDATE_PRODUCT = YES;
			};
			name = Release;
		};
		2A996A441F76E2C9004E63C0 /* Debug */ = {
			isa = XCBuildConfiguration;
			buildSettings = {
				ASSETCATALOG_COMPILER_APPICON_NAME = AppIcon;
				CODE_SIGN_STYLE = Automatic;
				INFOPLIST_FILE = ProfileScrolView/Info.plist;
				LD_RUNPATH_SEARCH_PATHS = "$(inherited) @executable_path/Frameworks";
				PRODUCT_BUNDLE_IDENTIFIER = com.me.ProfileScrolView;
				PRODUCT_NAME = "$(TARGET_NAME)";
				SWIFT_VERSION = 4.0;
				TARGETED_DEVICE_FAMILY = "1,2";
			};
			name = Debug;
		};
		2A996A451F76E2C9004E63C0 /* Release */ = {
			isa = XCBuildConfiguration;
			buildSettings = {
				ASSETCATALOG_COMPILER_APPICON_NAME = AppIcon;
				CODE_SIGN_STYLE = Automatic;
				INFOPLIST_FILE = ProfileScrolView/Info.plist;
				LD_RUNPATH_SEARCH_PATHS = "$(inherited) @executable_path/Frameworks";
				PRODUCT_BUNDLE_IDENTIFIER = com.me.ProfileScrolView;
				PRODUCT_NAME = "$(TARGET_NAME)";
				SWIFT_VERSION = 4.0;
				TARGETED_DEVICE_FAMILY = "1,2";
			};
			name = Release;
		};
/* End XCBuildConfiguration section */

/* Begin XCConfigurationList section */
		2A996A2C1F76E2C9004E63C0 /* Build configuration list for PBXProject "ProfileScrolView" */ = {
			isa = XCConfigurationList;
			buildConfigurations = (
				2A996A411F76E2C9004E63C0 /* Debug */,
				2A996A421F76E2C9004E63C0 /* Release */,
			);
			defaultConfigurationIsVisible = 0;
			defaultConfigurationName = Release;
		};
		2A996A431F76E2C9004E63C0 /* Build configuration list for PBXNativeTarget "ProfileScrolView" */ = {
			isa = XCConfigurationList;
			buildConfigurations = (
				2A996A441F76E2C9004E63C0 /* Debug */,
				2A996A451F76E2C9004E63C0 /* Release */,
			);
			defaultConfigurationIsVisible = 0;
			defaultConfigurationName = Release;
		};
/* End XCConfigurationList section */
	};
	rootObject = 2A996A291F76E2C9004E63C0 /* Project object */;
}
